Microsoft Visual Studio Solution File, Format Version 11.00
# Visual Studio 2008

Project("{FE6D49E1-F0AD-CED9-80BA-C2041E83FAD4}") = "LadumDare38 - Fatal_Shoebox", "Assembly-CSharp.csproj", "{3AD010E2-7320-B7CB-AF49-18E3649DEAA7}"
EndProject
Global
	GlobalSection(SolutionConfigurationPlatforms) = preSolution
		Debug|Any CPU = Debug|Any CPU
		Release|Any CPU = Release|Any CPU
	EndGlobalSection
	GlobalSection(ProjectConfigurationPlatforms) = postSolution
		{3AD010E2-7320-B7CB-AF49-18E3649DEAA7}.Debug|Any CPU.ActiveCfg = Debug|Any CPU
		{3AD010E2-7320-B7CB-AF49-18E3649DEAA7}.Debug|Any CPU.Build.0 = Debug|Any CPU
		{3AD010E2-7320-B7CB-AF49-18E3649DEAA7}.Release|Any CPU.ActiveCfg = Release|Any CPU
		{3AD010E2-7320-B7CB-AF49-18E3649DEAA7}.Release|Any CPU.Build.0 = Release|Any CPU
	EndGlobalSection
	GlobalSection(SolutionProperties) = preSolution
		HideSolutionNode = FALSE
	EndGlobalSection
	GlobalSection(MonoDevelopProperties) = preSolution
		StartupItem = Assembly-CSharp.csproj
	EndGlobalSection
EndGlobal
